
Microsoft Visual Studio Solution File, Format Version 12.00
# Visual Studio 15
VisualStudioVersion = 15.0.26730.15
MinimumVisualStudioVersion = 10.0.40219.1
Project("{FAE04EC0-301F-11D3-BF4B-00C04F79EFBC}") = "ScholarHack", "ScholarHack\ScholarHack.csproj", "{A97B5D2B-7747-4FDD-86EB-9014AB01FFE2}"
EndProject
Global
	GlobalSection(SolutionConfigurationPlatforms) = preSolution
		Debug|Any CPU = Debug|Any CPU
		Release|Any CPU = Release|Any CPU
	EndGlobalSection
	GlobalSection(ProjectConfigurationPlatforms) = postSolution
		{A97B5D2B-7747-4FDD-86EB-9014AB01FFE2}.Debug|Any CPU.ActiveCfg = Debug|Any CPU
		{A97B5D2B-7747-4FDD-86EB-9014AB01FFE2}.Debug|Any CPU.Build.0 = Debug|Any CPU
		{A97B5D2B-7747-4FDD-86EB-9014AB01FFE2}.Release|Any CPU.ActiveCfg = Release|Any CPU
		{A97B5D2B-7747-4FDD-86EB-9014AB01FFE2}.Release|Any CPU.Build.0 = Release|Any CPU
	EndGlobalSection
	GlobalSection(SolutionProperties) = preSolution
		HideSolutionNode = FALSE
	EndGlobalSection
	GlobalSection(ExtensibilityGlobals) = postSolution
		SolutionGuid = {D0FF594A-F024-4844-BEB9-FF821FE53220}
	EndGlobalSection
EndGlobal
